
Microsoft Visual Studio Solution File, Format Version 12.00
# Visual Studio 15
VisualStudioVersion = 15.0.28010.2003
MinimumVisualStudioVersion = 10.0.40219.1
Project("{FAE04EC0-301F-11D3-BF4B-00C04F79EFBC}") = "DesignPattern", "DesignPattern\DesignPattern.csproj", "{CA832E4C-02D7-487D-A87A-0E728BAC6B9B}"
EndProject
Global
	GlobalSection(SolutionConfigurationPlatforms) = preSolution
		Debug|Any CPU = Debug|Any CPU
		Release|Any CPU = Release|Any CPU
	EndGlobalSection
	GlobalSection(ProjectConfigurationPlatforms) = postSolution
		{CA832E4C-02D7-487D-A87A-0E728BAC6B9B}.Debug|Any CPU.ActiveCfg = Debug|Any CPU
		{CA832E4C-02D7-487D-A87A-0E728BAC6B9B}.Debug|Any CPU.Build.0 = Debug|Any CPU
		{CA832E4C-02D7-487D-A87A-0E728BAC6B9B}.Release|Any CPU.ActiveCfg = Release|Any CPU
		{CA832E4C-02D7-487D-A87A-0E728BAC6B9B}.Release|Any CPU.Build.0 = Release|Any CPU
	EndGlobalSection
	GlobalSection(SolutionProperties) = preSolution
		HideSolutionNode = FALSE
	EndGlobalSection
	GlobalSection(ExtensibilityGlobals) = postSolution
		SolutionGuid = {CF40A6C6-2762-48FF-AA1B-6B2F312CEBBC}
	EndGlobalSection
EndGlobal
